Microsoft Visual Studio Solution File, Format Version 12.00
# Visual Studio Version 17
VisualStudioVersion = 17.5.2.0
MinimumVisualStudioVersion = 10.0.40219.1
Project("{2150E333-8FDC-42A3-9474-1A3956D46DE8}") = "block1", "block1", "{04DD8303-1738-E46C-B515-075BDAD7301D}"
EndProject
Project("{FAE04EC0-301F-11D3-BF4B-00C04F79EFBC}") = "task1", "block1\task1\task1.csproj", "{B85D492D-884F-8B98-E20A-AA53B3299F34}"
EndProject
Project("{FAE04EC0-301F-11D3-BF4B-00C04F79EFBC}") = "task10", "block1\task10\task10.csproj", "{4879A854-36C4-2C2F-2458-1C83C9C764C0}"
EndProject
Project("{FAE04EC0-301F-11D3-BF4B-00C04F79EFBC}") = "task11", "block1\task11\task11.csproj", "{6457C9A2-420B-DF6B-6D78-30E3A4CABB89}"
EndProject
Project("{FAE04EC0-301F-11D3-BF4B-00C04F79EFBC}") = "task12", "block1\task12\task12.csproj", "{C99BD69B-4F0C-527B-8E5F-156DD9E4BB09}"
EndProject
<<<<<<< HEAD
Project("{FAE04EC0-301F-11D3-BF4B-00C04F79EFBC}") = "task13", "block1\task13\task13.csproj", "{1EF044B6-5594-8E87-FEDC-3381E6559B77}"
EndProject
=======
>>>>>>> 3c7e93fb573d02d87ae4eec4ab74c6ca21604e04
Project("{FAE04EC0-301F-11D3-BF4B-00C04F79EFBC}") = "task14", "block1\task14\task14.csproj", "{C188C2B9-7805-9C7B-A416-F53BB45493B7}"
EndProject
Project("{FAE04EC0-301F-11D3-BF4B-00C04F79EFBC}") = "task15", "block1\task15\task15.csproj", "{8D0A8F5A-52F6-93F6-6BBE-611ACBA272F0}"
EndProject
Project("{FAE04EC0-301F-11D3-BF4B-00C04F79EFBC}") = "task16", "block1\task16\task16.csproj", "{7220C7AF-B874-1AF7-A28C-3E613CEBBF1E}"
EndProject
<<<<<<< HEAD
=======
Project("{FAE04EC0-301F-11D3-BF4B-00C04F79EFBC}") = "task17", "block1\task17\task17.csproj", "{E5E0384F-58D5-417B-5036-7E33F819E73B}"
EndProject
>>>>>>> 3c7e93fb573d02d87ae4eec4ab74c6ca21604e04
Project("{FAE04EC0-301F-11D3-BF4B-00C04F79EFBC}") = "task2", "block1\task2\task2.csproj", "{1EBB1B4A-F706-BBAE-9994-AB20715FFFC1}"
EndProject
Project("{FAE04EC0-301F-11D3-BF4B-00C04F79EFBC}") = "task3", "block1\task3\task3.csproj", "{48B0BEE7-137D-7470-6BA6-ED021ADF76F8}"
EndProject
Project("{FAE04EC0-301F-11D3-BF4B-00C04F79EFBC}") = "task4", "block1\task4\task4.csproj", "{87ED5895-A513-DD50-B7A0-978C535C0557}"
EndProject
Project("{FAE04EC0-301F-11D3-BF4B-00C04F79EFBC}") = "task5", "block1\task5\task5.csproj", "{7EFDB08C-79E1-6CC6-EFF6-AF0BBA640B01}"
EndProject
Project("{FAE04EC0-301F-11D3-BF4B-00C04F79EFBC}") = "task6", "block1\task6\task6.csproj", "{ED6AAC93-0BB6-758A-C409-392B8B4B9376}"
EndProject
Project("{FAE04EC0-301F-11D3-BF4B-00C04F79EFBC}") = "task7", "block1\task7\task7.csproj", "{E258A871-8BEF-DFD8-C160-34CAD8CD790B}"
EndProject
Project("{FAE04EC0-301F-11D3-BF4B-00C04F79EFBC}") = "task8", "block1\task8\task8.csproj", "{1DEEB49A-B9C5-3B54-186C-F4346CB9C9ED}"
EndProject
Project("{FAE04EC0-301F-11D3-BF4B-00C04F79EFBC}") = "task9", "block1\task9\task9.csproj", "{D3893D4E-37B1-6648-1B93-DA620FED9EE0}"
EndProject
Global
	GlobalSection(SolutionConfigurationPlatforms) = preSolution
		Debug|Any CPU = Debug|Any CPU
		Release|Any CPU = Release|Any CPU
	EndGlobalSection
	GlobalSection(ProjectConfigurationPlatforms) = postSolution
		{B85D492D-884F-8B98-E20A-AA53B3299F34}.Debug|Any CPU.ActiveCfg = Debug|Any CPU
		{B85D492D-884F-8B98-E20A-AA53B3299F34}.Debug|Any CPU.Build.0 = Debug|Any CPU
		{B85D492D-884F-8B98-E20A-AA53B3299F34}.Release|Any CPU.ActiveCfg = Release|Any CPU
		{B85D492D-884F-8B98-E20A-AA53B3299F34}.Release|Any CPU.Build.0 = Release|Any CPU
		{4879A854-36C4-2C2F-2458-1C83C9C764C0}.Debug|Any CPU.ActiveCfg = Debug|Any CPU
		{4879A854-36C4-2C2F-2458-1C83C9C764C0}.Debug|Any CPU.Build.0 = Debug|Any CPU
		{4879A854-36C4-2C2F-2458-1C83C9C764C0}.Release|Any CPU.ActiveCfg = Release|Any CPU
		{4879A854-36C4-2C2F-2458-1C83C9C764C0}.Release|Any CPU.Build.0 = Release|Any CPU
		{6457C9A2-420B-DF6B-6D78-30E3A4CABB89}.Debug|Any CPU.ActiveCfg = Debug|Any CPU
		{6457C9A2-420B-DF6B-6D78-30E3A4CABB89}.Debug|Any CPU.Build.0 = Debug|Any CPU
		{6457C9A2-420B-DF6B-6D78-30E3A4CABB89}.Release|Any CPU.ActiveCfg = Release|Any CPU
		{6457C9A2-420B-DF6B-6D78-30E3A4CABB89}.Release|Any CPU.Build.0 = Release|Any CPU
		{C99BD69B-4F0C-527B-8E5F-156DD9E4BB09}.Debug|Any CPU.ActiveCfg = Debug|Any CPU
		{C99BD69B-4F0C-527B-8E5F-156DD9E4BB09}.Debug|Any CPU.Build.0 = Debug|Any CPU
		{C99BD69B-4F0C-527B-8E5F-156DD9E4BB09}.Release|Any CPU.ActiveCfg = Release|Any CPU
		{C99BD69B-4F0C-527B-8E5F-156DD9E4BB09}.Release|Any CPU.Build.0 = Release|Any CPU
<<<<<<< HEAD
		{1EF044B6-5594-8E87-FEDC-3381E6559B77}.Debug|Any CPU.ActiveCfg = Debug|Any CPU
		{1EF044B6-5594-8E87-FEDC-3381E6559B77}.Debug|Any CPU.Build.0 = Debug|Any CPU
		{1EF044B6-5594-8E87-FEDC-3381E6559B77}.Release|Any CPU.ActiveCfg = Release|Any CPU
		{1EF044B6-5594-8E87-FEDC-3381E6559B77}.Release|Any CPU.Build.0 = Release|Any CPU
=======
>>>>>>> 3c7e93fb573d02d87ae4eec4ab74c6ca21604e04
		{C188C2B9-7805-9C7B-A416-F53BB45493B7}.Debug|Any CPU.ActiveCfg = Debug|Any CPU
		{C188C2B9-7805-9C7B-A416-F53BB45493B7}.Debug|Any CPU.Build.0 = Debug|Any CPU
		{C188C2B9-7805-9C7B-A416-F53BB45493B7}.Release|Any CPU.ActiveCfg = Release|Any CPU
		{C188C2B9-7805-9C7B-A416-F53BB45493B7}.Release|Any CPU.Build.0 = Release|Any CPU
		{8D0A8F5A-52F6-93F6-6BBE-611ACBA272F0}.Debug|Any CPU.ActiveCfg = Debug|Any CPU
		{8D0A8F5A-52F6-93F6-6BBE-611ACBA272F0}.Debug|Any CPU.Build.0 = Debug|Any CPU
		{8D0A8F5A-52F6-93F6-6BBE-611ACBA272F0}.Release|Any CPU.ActiveCfg = Release|Any CPU
		{8D0A8F5A-52F6-93F6-6BBE-611ACBA272F0}.Release|Any CPU.Build.0 = Release|Any CPU
		{7220C7AF-B874-1AF7-A28C-3E613CEBBF1E}.Debug|Any CPU.ActiveCfg = Debug|Any CPU
		{7220C7AF-B874-1AF7-A28C-3E613CEBBF1E}.Debug|Any CPU.Build.0 = Debug|Any CPU
		{7220C7AF-B874-1AF7-A28C-3E613CEBBF1E}.Release|Any CPU.ActiveCfg = Release|Any CPU
		{7220C7AF-B874-1AF7-A28C-3E613CEBBF1E}.Release|Any CPU.Build.0 = Release|Any CPU
<<<<<<< HEAD
=======
		{E5E0384F-58D5-417B-5036-7E33F819E73B}.Debug|Any CPU.ActiveCfg = Debug|Any CPU
		{E5E0384F-58D5-417B-5036-7E33F819E73B}.Debug|Any CPU.Build.0 = Debug|Any CPU
		{E5E0384F-58D5-417B-5036-7E33F819E73B}.Release|Any CPU.ActiveCfg = Release|Any CPU
		{E5E0384F-58D5-417B-5036-7E33F819E73B}.Release|Any CPU.Build.0 = Release|Any CPU
>>>>>>> 3c7e93fb573d02d87ae4eec4ab74c6ca21604e04
		{1EBB1B4A-F706-BBAE-9994-AB20715FFFC1}.Debug|Any CPU.ActiveCfg = Debug|Any CPU
		{1EBB1B4A-F706-BBAE-9994-AB20715FFFC1}.Debug|Any CPU.Build.0 = Debug|Any CPU
		{1EBB1B4A-F706-BBAE-9994-AB20715FFFC1}.Release|Any CPU.ActiveCfg = Release|Any CPU
		{1EBB1B4A-F706-BBAE-9994-AB20715FFFC1}.Release|Any CPU.Build.0 = Release|Any CPU
		{48B0BEE7-137D-7470-6BA6-ED021ADF76F8}.Debug|Any CPU.ActiveCfg = Debug|Any CPU
		{48B0BEE7-137D-7470-6BA6-ED021ADF76F8}.Debug|Any CPU.Build.0 = Debug|Any CPU
		{48B0BEE7-137D-7470-6BA6-ED021ADF76F8}.Release|Any CPU.ActiveCfg = Release|Any CPU
		{48B0BEE7-137D-7470-6BA6-ED021ADF76F8}.Release|Any CPU.Build.0 = Release|Any CPU
		{87ED5895-A513-DD50-B7A0-978C535C0557}.Debug|Any CPU.ActiveCfg = Debug|Any CPU
		{87ED5895-A513-DD50-B7A0-978C535C0557}.Debug|Any CPU.Build.0 = Debug|Any CPU
		{87ED5895-A513-DD50-B7A0-978C535C0557}.Release|Any CPU.ActiveCfg = Release|Any CPU
		{87ED5895-A513-DD50-B7A0-978C535C0557}.Release|Any CPU.Build.0 = Release|Any CPU
		{7EFDB08C-79E1-6CC6-EFF6-AF0BBA640B01}.Debug|Any CPU.ActiveCfg = Debug|Any CPU
		{7EFDB08C-79E1-6CC6-EFF6-AF0BBA640B01}.Debug|Any CPU.Build.0 = Debug|Any CPU
		{7EFDB08C-79E1-6CC6-EFF6-AF0BBA640B01}.Release|Any CPU.ActiveCfg = Release|Any CPU
		{7EFDB08C-79E1-6CC6-EFF6-AF0BBA640B01}.Release|Any CPU.Build.0 = Release|Any CPU
		{ED6AAC93-0BB6-758A-C409-392B8B4B9376}.Debug|Any CPU.ActiveCfg = Debug|Any CPU
		{ED6AAC93-0BB6-758A-C409-392B8B4B9376}.Debug|Any CPU.Build.0 = Debug|Any CPU
		{ED6AAC93-0BB6-758A-C409-392B8B4B9376}.Release|Any CPU.ActiveCfg = Release|Any CPU
		{ED6AAC93-0BB6-758A-C409-392B8B4B9376}.Release|Any CPU.Build.0 = Release|Any CPU
		{E258A871-8BEF-DFD8-C160-34CAD8CD790B}.Debug|Any CPU.ActiveCfg = Debug|Any CPU
		{E258A871-8BEF-DFD8-C160-34CAD8CD790B}.Debug|Any CPU.Build.0 = Debug|Any CPU
		{E258A871-8BEF-DFD8-C160-34CAD8CD790B}.Release|Any CPU.ActiveCfg = Release|Any CPU
		{E258A871-8BEF-DFD8-C160-34CAD8CD790B}.Release|Any CPU.Build.0 = Release|Any CPU
		{1DEEB49A-B9C5-3B54-186C-F4346CB9C9ED}.Debug|Any CPU.ActiveCfg = Debug|Any CPU
		{1DEEB49A-B9C5-3B54-186C-F4346CB9C9ED}.Debug|Any CPU.Build.0 = Debug|Any CPU
		{1DEEB49A-B9C5-3B54-186C-F4346CB9C9ED}.Release|Any CPU.ActiveCfg = Release|Any CPU
		{1DEEB49A-B9C5-3B54-186C-F4346CB9C9ED}.Release|Any CPU.Build.0 = Release|Any CPU
		{D3893D4E-37B1-6648-1B93-DA620FED9EE0}.Debug|Any CPU.ActiveCfg = Debug|Any CPU
		{D3893D4E-37B1-6648-1B93-DA620FED9EE0}.Debug|Any CPU.Build.0 = Debug|Any CPU
		{D3893D4E-37B1-6648-1B93-DA620FED9EE0}.Release|Any CPU.ActiveCfg = Release|Any CPU
		{D3893D4E-37B1-6648-1B93-DA620FED9EE0}.Release|Any CPU.Build.0 = Release|Any CPU
	EndGlobalSection
	GlobalSection(SolutionProperties) = preSolution
		HideSolutionNode = FALSE
	EndGlobalSection
	GlobalSection(NestedProjects) = preSolution
		{B85D492D-884F-8B98-E20A-AA53B3299F34} = {04DD8303-1738-E46C-B515-075BDAD7301D}
		{4879A854-36C4-2C2F-2458-1C83C9C764C0} = {04DD8303-1738-E46C-B515-075BDAD7301D}
		{6457C9A2-420B-DF6B-6D78-30E3A4CABB89} = {04DD8303-1738-E46C-B515-075BDAD7301D}
		{C99BD69B-4F0C-527B-8E5F-156DD9E4BB09} = {04DD8303-1738-E46C-B515-075BDAD7301D}
<<<<<<< HEAD
		{1EF044B6-5594-8E87-FEDC-3381E6559B77} = {04DD8303-1738-E46C-B515-075BDAD7301D}
		{C188C2B9-7805-9C7B-A416-F53BB45493B7} = {04DD8303-1738-E46C-B515-075BDAD7301D}
		{8D0A8F5A-52F6-93F6-6BBE-611ACBA272F0} = {04DD8303-1738-E46C-B515-075BDAD7301D}
		{7220C7AF-B874-1AF7-A28C-3E613CEBBF1E} = {04DD8303-1738-E46C-B515-075BDAD7301D}
=======
		{C188C2B9-7805-9C7B-A416-F53BB45493B7} = {04DD8303-1738-E46C-B515-075BDAD7301D}
		{8D0A8F5A-52F6-93F6-6BBE-611ACBA272F0} = {04DD8303-1738-E46C-B515-075BDAD7301D}
		{7220C7AF-B874-1AF7-A28C-3E613CEBBF1E} = {04DD8303-1738-E46C-B515-075BDAD7301D}
		{E5E0384F-58D5-417B-5036-7E33F819E73B} = {04DD8303-1738-E46C-B515-075BDAD7301D}
>>>>>>> 3c7e93fb573d02d87ae4eec4ab74c6ca21604e04
		{1EBB1B4A-F706-BBAE-9994-AB20715FFFC1} = {04DD8303-1738-E46C-B515-075BDAD7301D}
		{48B0BEE7-137D-7470-6BA6-ED021ADF76F8} = {04DD8303-1738-E46C-B515-075BDAD7301D}
		{87ED5895-A513-DD50-B7A0-978C535C0557} = {04DD8303-1738-E46C-B515-075BDAD7301D}
		{7EFDB08C-79E1-6CC6-EFF6-AF0BBA640B01} = {04DD8303-1738-E46C-B515-075BDAD7301D}
		{ED6AAC93-0BB6-758A-C409-392B8B4B9376} = {04DD8303-1738-E46C-B515-075BDAD7301D}
		{E258A871-8BEF-DFD8-C160-34CAD8CD790B} = {04DD8303-1738-E46C-B515-075BDAD7301D}
		{1DEEB49A-B9C5-3B54-186C-F4346CB9C9ED} = {04DD8303-1738-E46C-B515-075BDAD7301D}
		{D3893D4E-37B1-6648-1B93-DA620FED9EE0} = {04DD8303-1738-E46C-B515-075BDAD7301D}
	EndGlobalSection
	GlobalSection(ExtensibilityGlobals) = postSolution
<<<<<<< HEAD
		SolutionGuid = {91D50611-C506-4ACE-B0B5-F62BCE285813}
=======
		SolutionGuid = {F78E15C0-2132-422A-9732-ECCED510328E}
>>>>>>> 3c7e93fb573d02d87ae4eec4ab74c6ca21604e04
	EndGlobalSection
EndGlobal
