Microsoft Visual Studio Solution File, Format Version 12.00
# Visual Studio Version 17
VisualStudioVersion = 17.5.2.0
MinimumVisualStudioVersion = 10.0.40219.1
Project("{2150E333-8FDC-42A3-9474-1A3956D46DE8}") = "block1", "block1", "{04DD8303-1738-E46C-B515-075BDAD7301D}"
EndProject
Project("{FAE04EC0-301F-11D3-BF4B-00C04F79EFBC}") = "task1", "block1\task1\task1.csproj", "{B85D492D-884F-8B98-E20A-AA53B3299F34}"
EndProject
Global
	GlobalSection(SolutionConfigurationPlatforms) = preSolution
		Debug|Any CPU = Debug|Any CPU
		Release|Any CPU = Release|Any CPU
	EndGlobalSection
	GlobalSection(ProjectConfigurationPlatforms) = postSolution
		{B85D492D-884F-8B98-E20A-AA53B3299F34}.Debug|Any CPU.ActiveCfg = Debug|Any CPU
		{B85D492D-884F-8B98-E20A-AA53B3299F34}.Debug|Any CPU.Build.0 = Debug|Any CPU
		{B85D492D-884F-8B98-E20A-AA53B3299F34}.Release|Any CPU.ActiveCfg = Release|Any CPU
		{B85D492D-884F-8B98-E20A-AA53B3299F34}.Release|Any CPU.Build.0 = Release|Any CPU
	EndGlobalSection
	GlobalSection(SolutionProperties) = preSolution
		HideSolutionNode = FALSE
	EndGlobalSection
	GlobalSection(NestedProjects) = preSolution
		{B85D492D-884F-8B98-E20A-AA53B3299F34} = {04DD8303-1738-E46C-B515-075BDAD7301D}
	EndGlobalSection
	GlobalSection(ExtensibilityGlobals) = postSolution
		SolutionGuid = {83EC649D-B81F-40CE-848F-582AC432E592}
	EndGlobalSection
EndGlobal
